{
  "name": "@avikalpa/codex-litellm",
  "version": "0.50.0",
  "lockfileVersion": 3,
  "requires": true,
  "packages": {
    "": {
      "name": "@avikalpa/codex-litellm",
      "version": "0.50.0",
      "cpu": [
        "x64",
        "arm64"
      ],
      "hasInstallScript": true,
      "license": "MIT",
      "os": [
        "linux",
        "android",
        "darwin",
        "win32",
        "freebsd"
      ],
      "bin": {
        "codex-litellm": "bin/codex-litellm.js"
      },
      "engines": {
        "node": ">=18"
      }
    }
  }
}
